// !$*UTF8*$!
{
	archiveVersion = 1;
	classes = {
	};
	objectVersion = 77;
	objects = {

/* Begin PBXContainerItemProxy section */
		742E364A2D59D4B0001B11E1 /* PBXContainerItemProxy */ = {
			isa = PBXContainerItemProxy;
			containerPortal = 742E362F2D59D4AE001B11E1 /* Project object */;
			proxyType = 1;
			remoteGlobalIDString = 742E36362D59D4AE001B11E1;
			remoteInfo = "whiskey note";
		};
		742E36542D59D4B0001B11E1 /* PBXContainerItemProxy */ = {
			isa = PBXContainerItemProxy;
			containerPortal = 742E362F2D59D4AE001B11E1 /* Project object */;
			proxyType = 1;
			remoteGlobalIDString = 742E36362D59D4AE001B11E1;
			remoteInfo = "whiskey note";
		};
/* End PBXContainerItemProxy section */

/* Begin PBXFileReference section */
		742E36372D59D4AE001B11E1 /* whiskey-note.app */ = {isa = PBXFileReference; explicitFileType = wrapper.application; includeInIndex = 0; path = "whiskey-note.app"; sourceTree = BUILT_PRODUCTS_DIR; };
		742E36492D59D4B0001B11E1 /* whiskey-noteTests.xctest */ = {isa = PBXFileReference; explicitFileType = wrapper.cfbundle; includeInIndex = 0; path = "whiskey-noteTests.xctest"; sourceTree = BUILT_PRODUCTS_DIR; };
		742E36532D59D4B0001B11E1 /* whiskey-noteUITests.xctest */ = {isa = PBXFileReference; explicitFileType = wrapper.cfbundle; includeInIndex = 0; path = "whiskey-noteUITests.xctest"; sourceTree = BUILT_PRODUCTS_DIR; };
		74FEC8B62D6428FF00B175F6 /* whiskey-note-Info.plist */ = {isa = PBXFileReference; lastKnownFileType = text.plist; path = "whiskey-note-Info.plist"; sourceTree = "<group>"; };
/* End PBXFileReference section */

/* Begin PBXFileSystemSynchronizedRootGroup section */
		742E36392D59D4AE001B11E1 /* whiskey note */ = {
			isa = PBXFileSystemSynchronizedRootGroup;
			path = "whiskey note";
			sourceTree = "<group>";
		};
		742E364C2D59D4B0001B11E1 /* whiskey noteTests */ = {
			isa = PBXFileSystemSynchronizedRootGroup;
			path = "whiskey noteTests";
			sourceTree = "<group>";
		};
		742E36562D59D4B0001B11E1 /* whiskey noteUITests */ = {
			isa = PBXFileSystemSynchronizedRootGroup;
			path = "whiskey noteUITests";
			sourceTree = "<group>";
		};
/* End PBXFileSystemSynchronizedRootGroup section */

/* Begin PBXFrameworksBuildPhase section */
		742E36342D59D4AE001B11E1 /* Frameworks */ = {
			isa = PBXFrameworksBuildPhase;
			buildActionMask = 2147483647;
			files = (
			);
			runOnlyForDeploymentPostprocessing = 0;
		};
		742E36462D59D4B0001B11E1 /* Frameworks */ = {
			isa = PBXFrameworksBuildPhase;
			buildActionMask = 2147483647;
			files = (
			);
			runOnlyForDeploymentPostprocessing = 0;
		};
		742E36502D59D4B0001B11E1 /* Frameworks */ = {
			isa = PBXFrameworksBuildPhase;
			buildActionMask = 2147483647;
			files = (
			);
			runOnlyForDeploymentPostprocessing = 0;
		};
/* End PBXFrameworksBuildPhase section */

/* Begin PBXGroup section */
		742E362E2D59D4AE001B11E1 = {
			isa = PBXGroup;
			children = (
				74FEC8B62D6428FF00B175F6 /* whiskey-note-Info.plist */,
				742E36392D59D4AE001B11E1 /* whiskey note */,
				742E364C2D59D4B0001B11E1 /* whiskey noteTests */,
				742E36562D59D4B0001B11E1 /* whiskey noteUITests */,
				742E36382D59D4AE001B11E1 /* Products */,
			);
			sourceTree = "<group>";
		};
		742E36382D59D4AE001B11E1 /* Products */ = {
			isa = PBXGroup;
			children = (
				742E36372D59D4AE001B11E1 /* whiskey-note.app */,
				742E36492D59D4B0001B11E1 /* whiskey-noteTests.xctest */,
				742E36532D59D4B0001B11E1 /* whiskey-noteUITests.xctest */,
			);
			name = Products;
			sourceTree = "<group>";
		};
/* End PBXGroup section */

/* Begin PBXNativeTarget section */
		742E36362D59D4AE001B11E1 /* whiskey-note */ = {
			isa = PBXNativeTarget;
			buildConfigurationList = 742E365D2D59D4B0001B11E1 /* Build configuration list for PBXNativeTarget "whiskey-note" */;
			buildPhases = (
				742E36332D59D4AE001B11E1 /* Sources */,
				742E36342D59D4AE001B11E1 /* Frameworks */,
				742E36352D59D4AE001B11E1 /* Resources */,
			);
			buildRules = (
			);
			dependencies = (
			);
			fileSystemSynchronizedGroups = (
				742E36392D59D4AE001B11E1 /* whiskey note */,
			);
			name = "whiskey-note";
			packageProductDependencies = (
			);
			productName = "whiskey note";
			productReference = 742E36372D59D4AE001B11E1 /* whiskey-note.app */;
			productType = "com.apple.product-type.application";
		};
		742E36482D59D4B0001B11E1 /* whiskey-noteTests */ = {
			isa = PBXNativeTarget;
			buildConfigurationList = 742E36602D59D4B0001B11E1 /* Build configuration list for PBXNativeTarget "whiskey-noteTests" */;
			buildPhases = (
				742E36452D59D4B0001B11E1 /* Sources */,
				742E36462D59D4B0001B11E1 /* Frameworks */,
				742E36472D59D4B0001B11E1 /* Resources */,
			);
			buildRules = (
			);
			dependencies = (
				742E364B2D59D4B0001B11E1 /* PBXTargetDependency */,
			);
			fileSystemSynchronizedGroups = (
				742E364C2D59D4B0001B11E1 /* whiskey noteTests */,
			);
			name = "whiskey-noteTests";
			packageProductDependencies = (
			);
			productName = "whiskey noteTests";
			productReference = 742E36492D59D4B0001B11E1 /* whiskey-noteTests.xctest */;
			productType = "com.apple.product-type.bundle.unit-test";
		};
		742E36522D59D4B0001B11E1 /* whiskey-noteUITests */ = {
			isa = PBXNativeTarget;
			buildConfigurationList = 742E36632D59D4B0001B11E1 /* Build configuration list for PBXNativeTarget "whiskey-noteUITests" */;
			buildPhases = (
				742E364F2D59D4B0001B11E1 /* Sources */,
				742E36502D59D4B0001B11E1 /* Frameworks */,
				742E36512D59D4B0001B11E1 /* Resources */,
			);
			buildRules = (
			);
			dependencies = (
				742E36552D59D4B0001B11E1 /* PBXTargetDependency */,
			);
			fileSystemSynchronizedGroups = (
				742E36562D59D4B0001B11E1 /* whiskey noteUITests */,
			);
			name = "whiskey-noteUITests";
			packageProductDependencies = (
			);
			productName = "whiskey noteUITests";
			productReference = 742E36532D59D4B0001B11E1 /* whiskey-noteUITests.xctest */;
			productType = "com.apple.product-type.bundle.ui-testing";
		};
/* End PBXNativeTarget section */

/* Begin PBXProject section */
		742E362F2D59D4AE001B11E1 /* Project object */ = {
			isa = PBXProject;
			attributes = {
				BuildIndependentTargetsInParallel = 1;
				LastSwiftUpdateCheck = 1620;
				LastUpgradeCheck = 1620;
				TargetAttributes = {
					742E36362D59D4AE001B11E1 = {
						CreatedOnToolsVersion = 16.2;
					};
					742E36482D59D4B0001B11E1 = {
						CreatedOnToolsVersion = 16.2;
						TestTargetID = 742E36362D59D4AE001B11E1;
					};
					742E36522D59D4B0001B11E1 = {
						CreatedOnToolsVersion = 16.2;
						TestTargetID = 742E36362D59D4AE001B11E1;
					};
				};
			};
			buildConfigurationList = 742E36322D59D4AE001B11E1 /* Build configuration list for PBXProject "whiskey-note" */;
			developmentRegion = en;
			hasScannedForEncodings = 0;
			knownRegions = (
				en,
				Base,
			);
			mainGroup = 742E362E2D59D4AE001B11E1;
			minimizedProjectReferenceProxies = 1;
			preferredProjectObjectVersion = 77;
			productRefGroup = 742E36382D59D4AE001B11E1 /* Products */;
			projectDirPath = "";
			projectRoot = "";
			targets = (
				742E36362D59D4AE001B11E1 /* whiskey-note */,
				742E36482D59D4B0001B11E1 /* whiskey-noteTests */,
				742E36522D59D4B0001B11E1 /* whiskey-noteUITests */,
			);
		};
/* End PBXProject section */

/* Begin PBXResourcesBuildPhase section */
		742E36352D59D4AE001B11E1 /* Resources */ = {
			isa = PBXResourcesBuildPhase;
			buildActionMask = 2147483647;
			files = (
			);
			runOnlyForDeploymentPostprocessing = 0;
		};
		742E36472D59D4B0001B11E1 /* Resources */ = {
			isa = PBXResourcesBuildPhase;
			buildActionMask = 2147483647;
			files = (
			);
			runOnlyForDeploymentPostprocessing = 0;
		};
		742E36512D59D4B0001B11E1 /* Resources */ = {
			isa = PBXResourcesBuildPhase;
			buildActionMask = 2147483647;
			files = (
			);
			runOnlyForDeploymentPostprocessing = 0;
		};
/* End PBXResourcesBuildPhase section */

/* Begin PBXSourcesBuildPhase section */
		742E36332D59D4AE001B11E1 /* Sources */ = {
			isa = PBXSourcesBuildPhase;
			buildActionMask = 2147483647;
			files = (
			);
			runOnlyForDeploymentPostprocessing = 0;
		};
		742E36452D59D4B0001B11E1 /* Sources */ = {
			isa = PBXSourcesBuildPhase;
			buildActionMask = 2147483647;
			files = (
			);
			runOnlyForDeploymentPostprocessing = 0;
		};
		742E364F2D59D4B0001B11E1 /* Sources */ = {
			isa = PBXSourcesBuildPhase;
			buildActionMask = 2147483647;
			files = (
			);
			runOnlyForDeploymentPostprocessing = 0;
		};
/* End PBXSourcesBuildPhase section */

/* Begin PBXTargetDependency section */
		742E364B2D59D4B0001B11E1 /* PBXTargetDependency */ = {
			isa = PBXTargetDependency;
			target = 742E36362D59D4AE001B11E1 /* whiskey-note */;
			targetProxy = 742E364A2D59D4B0001B11E1 /* PBXContainerItemProxy */;
		};
		742E36552D59D4B0001B11E1 /* PBXTargetDependency */ = {
			isa = PBXTargetDependency;
			target = 742E36362D59D4AE001B11E1 /* whiskey-note */;
			targetProxy = 742E36542D59D4B0001B11E1 /* PBXContainerItemProxy */;
		};
/* End PBXTargetDependency section */

/* Begin XCBuildConfiguration section */
		742E365B2D59D4B0001B11E1 /* Debug */ = {
			isa = XCBuildConfiguration;
			buildSettings = {
				ALWAYS_SEARCH_USER_PATHS = NO;
				ASSETCATALOG_COMPILER_GENERATE_SWIFT_ASSET_SYMBOL_EXTENSIONS = YES;
				CLANG_ANALYZER_NONNULL = YES;
				CLANG_ANALYZER_NUMBER_OBJECT_CONVERSION = YES_AGGRESSIVE;
				CLANG_CXX_LANGUAGE_STANDARD = "gnu++20";
				CLANG_ENABLE_MODULES = YES;
				CLANG_ENABLE_OBJC_ARC = YES;
				CLANG_ENABLE_OBJC_WEAK = YES;
				CLANG_WARN_BLOCK_CAPTURE_AUTORELEASING = YES;
				CLANG_WARN_BOOL_CONVERSION = YES;
				CLANG_WARN_COMMA = YES;
				CLANG_WARN_CONSTANT_CONVERSION = YES;
				CLANG_WARN_DEPRECATED_OBJC_IMPLEMENTATIONS = YES;
				CLANG_WARN_DIRECT_OBJC_ISA_USAGE = YES_ERROR;
				CLANG_WARN_DOCUMENTATION_COMMENTS = YES;
				CLANG_WARN_EMPTY_BODY = YES;
				CLANG_WARN_ENUM_CONVERSION = YES;
				CLANG_WARN_INFINITE_RECURSION = YES;
				CLANG_WARN_INT_CONVERSION = YES;
				CLANG_WARN_NON_LITERAL_NULL_CONVERSION = YES;
				CLANG_WARN_OBJC_IMPLICIT_RETAIN_SELF = YES;
				CLANG_WARN_OBJC_LITERAL_CONVERSION = YES;
				CLANG_WARN_OBJC_ROOT_CLASS = YES_ERROR;
				CLANG_WARN_QUOTED_INCLUDE_IN_FRAMEWORK_HEADER = YES;
				CLANG_WARN_RANGE_LOOP_ANALYSIS = YES;
				CLANG_WARN_STRICT_PROTOTYPES = YES;
				CLANG_WARN_SUSPICIOUS_MOVE = YES;
				CLANG_WARN_UNGUARDED_AVAILABILITY = YES_AGGRESSIVE;
				CLANG_WARN_UNREACHABLE_CODE = YES;
				CLANG_WARN__DUPLICATE_METHOD_MATCH = YES;
				COPY_PHASE_STRIP = NO;
				DEBUG_INFORMATION_FORMAT = dwarf;
				ENABLE_STRICT_OBJC_MSGSEND = YES;
				ENABLE_TESTABILITY = YES;
				ENABLE_USER_SCRIPT_SANDBOXING = YES;
				GCC_C_LANGUAGE_STANDARD = gnu17;
				GCC_DYNAMIC_NO_PIC = NO;
				GCC_NO_COMMON_BLOCKS = YES;
				GCC_OPTIMIZATION_LEVEL = 0;
				GCC_PREPROCESSOR_DEFINITIONS = (
					"DEBUG=1",
					"$(inherited)",
				);
				GCC_WARN_64_TO_32_BIT_CONVERSION = YES;
				GCC_WARN_ABOUT_RETURN_TYPE = YES_ERROR;
				GCC_WARN_UNDECLARED_SELECTOR = YES;
				GCC_WARN_UNINITIALIZED_AUTOS = YES_AGGRESSIVE;
				GCC_WARN_UNUSED_FUNCTION = YES;
				GCC_WARN_UNUSED_VARIABLE = YES;
				IPHONEOS_DEPLOYMENT_TARGET = 18.2;
				LOCALIZATION_PREFERS_STRING_CATALOGS = YES;
				MTL_ENABLE_DEBUG_INFO = INCLUDE_SOURCE;
				MTL_FAST_MATH = YES;
				ONLY_ACTIVE_ARCH = YES;
				SDKROOT = iphoneos;
				SWIFT_ACTIVE_COMPILATION_CONDITIONS = "DEBUG $(inherited)";
				SWIFT_OPTIMIZATION_LEVEL = "-Onone";
			};
			name = Debug;
		};
		742E365C2D59D4B0001B11E1 /* Release */ = {
			isa = XCBuildConfiguration;
			buildSettings = {
				ALWAYS_SEARCH_USER_PATHS = NO;
				ASSETCATALOG_COMPILER_GENERATE_SWIFT_ASSET_SYMBOL_EXTENSIONS = YES;
				CLANG_ANALYZER_NONNULL = YES;
				CLANG_ANALYZER_NUMBER_OBJECT_CONVERSION = YES_AGGRESSIVE;
				CLANG_CXX_LANGUAGE_STANDARD = "gnu++20";
				CLANG_ENABLE_MODULES = YES;
				CLANG_ENABLE_OBJC_ARC = YES;
				CLANG_ENABLE_OBJC_WEAK = YES;
				CLANG_WARN_BLOCK_CAPTURE_AUTORELEASING = YES;
				CLANG_WARN_BOOL_CONVERSION = YES;
				CLANG_WARN_COMMA = YES;
				CLANG_WARN_CONSTANT_CONVERSION = YES;
				CLANG_WARN_DEPRECATED_OBJC_IMPLEMENTATIONS = YES;
				CLANG_WARN_DIRECT_OBJC_ISA_USAGE = YES_ERROR;
				CLANG_WARN_DOCUMENTATION_COMMENTS = YES;
				CLANG_WARN_EMPTY_BODY = YES;
				CLANG_WARN_ENUM_CONVERSION = YES;
				CLANG_WARN_INFINITE_RECURSION = YES;
				CLANG_WARN_INT_CONVERSION = YES;
				CLANG_WARN_NON_LITERAL_NULL_CONVERSION = YES;
				CLANG_WARN_OBJC_IMPLICIT_RETAIN_SELF = YES;
				CLANG_WARN_OBJC_LITERAL_CONVERSION = YES;
				CLANG_WARN_OBJC_ROOT_CLASS = YES_ERROR;
				CLANG_WARN_QUOTED_INCLUDE_IN_FRAMEWORK_HEADER = YES;
				CLANG_WARN_RANGE_LOOP_ANALYSIS = YES;
				CLANG_WARN_STRICT_PROTOTYPES = YES;
				CLANG_WARN_SUSPICIOUS_MOVE = YES;
				CLANG_WARN_UNGUARDED_AVAILABILITY = YES_AGGRESSIVE;
				CLANG_WARN_UNREACHABLE_CODE = YES;
				CLANG_WARN__DUPLICATE_METHOD_MATCH = YES;
				COPY_PHASE_STRIP = NO;
				DEBUG_INFORMATION_FORMAT = "dwarf-with-dsym";
				ENABLE_NS_ASSERTIONS = NO;
				ENABLE_STRICT_OBJC_MSGSEND = YES;
				ENABLE_USER_SCRIPT_SANDBOXING = YES;
				GCC_C_LANGUAGE_STANDARD = gnu17;
				GCC_NO_COMMON_BLOCKS = YES;
				GCC_WARN_64_TO_32_BIT_CONVERSION = YES;
				GCC_WARN_ABOUT_RETURN_TYPE = YES_ERROR;
				GCC_WARN_UNDECLARED_SELECTOR = YES;
				GCC_WARN_UNINITIALIZED_AUTOS = YES_AGGRESSIVE;
				GCC_WARN_UNUSED_FUNCTION = YES;
				GCC_WARN_UNUSED_VARIABLE = YES;
				IPHONEOS_DEPLOYMENT_TARGET = 18.2;
				LOCALIZATION_PREFERS_STRING_CATALOGS = YES;
				MTL_ENABLE_DEBUG_INFO = NO;
				MTL_FAST_MATH = YES;
				SDKROOT = iphoneos;
				SWIFT_COMPILATION_MODE = wholemodule;
				VALIDATE_PRODUCT = YES;
			};
			name = Release;
		};
		742E365E2D59D4B0001B11E1 /* Debug */ = {
			isa = XCBuildConfiguration;
			buildSettings = {
				ASSETCATALOG_COMPILER_APPICON_NAME = AppIcon;
				ASSETCATALOG_COMPILER_GLOBAL_ACCENT_COLOR_NAME = AccentColor;
				ASSETCATALOG_COMPILER_INCLUDE_ALL_APPICON_ASSETS = NO;
				CODE_SIGN_STYLE = Automatic;
				CURRENT_PROJECT_VERSION = 1;
				DEVELOPMENT_ASSET_PATHS = "\"whiskey note/Preview Content\"";
				DEVELOPMENT_TEAM = Q57XL3X3S5;
				ENABLE_PREVIEWS = YES;
				GENERATE_INFOPLIST_FILE = YES;
				INFOPLIST_FILE = "whiskey-note-Info.plist";
				INFOPLIST_KEY_CFBundleDisplayName = "Whiskey Note";
				INFOPLIST_KEY_LSApplicationCategoryType = "public.app-category.food-and-drink";
				INFOPLIST_KEY_UIApplicationSceneManifest_Generation = YES;
				INFOPLIST_KEY_UIApplicationSupportsIndirectInputEvents = YES;
				INFOPLIST_KEY_UILaunchStoryboardName = "";
				INFOPLIST_KEY_UISupportedInterfaceOrientations_iPad = "UIInterfaceOrientationPortrait UIInterfaceOrientationPortraitUpsideDown UIInterfaceOrientationLandscapeLeft UIInterfaceOrientationLandscapeRight";
				INFOPLIST_KEY_UISupportedInterfaceOrientations_iPhone = "UIInterfaceOrientationPortrait UIInterfaceOrientationLandscapeLeft UIInterfaceOrientationLandscapeRight";
				LD_RUNPATH_SEARCH_PATHS = (
					"$(inherited)",
					"@executable_path/Frameworks",
				);
				MARKETING_VERSION = 1.0;
				PRODUCT_BUNDLE_IDENTIFIER = "com.nimuseel.whiskey-note";
				PRODUCT_NAME = "$(TARGET_NAME)";
				SWIFT_EMIT_LOC_STRINGS = YES;
				SWIFT_VERSION = 5.0;
				TARGETED_DEVICE_FAMILY = "1,2";
			};
			name = Debug;
		};
		742E365F2D59D4B0001B11E1 /* Release */ = {
			isa = XCBuildConfiguration;
			buildSettings = {
				ASSETCATALOG_COMPILER_APPICON_NAME = AppIcon;
				ASSETCATALOG_COMPILER_GLOBAL_ACCENT_COLOR_NAME = AccentColor;
				ASSETCATALOG_COMPILER_INCLUDE_ALL_APPICON_ASSETS = NO;
				CODE_SIGN_STYLE = Automatic;
				CURRENT_PROJECT_VERSION = 1;
				DEVELOPMENT_ASSET_PATHS = "\"whiskey note/Preview Content\"";
				DEVELOPMENT_TEAM = Q57XL3X3S5;
				ENABLE_PREVIEWS = YES;
				GENERATE_INFOPLIST_FILE = YES;
				INFOPLIST_FILE = "whiskey-note-Info.plist";
				INFOPLIST_KEY_CFBundleDisplayName = "Whiskey Note";
				INFOPLIST_KEY_LSApplicationCategoryType = "public.app-category.food-and-drink";
				INFOPLIST_KEY_UIApplicationSceneManifest_Generation = YES;
				INFOPLIST_KEY_UIApplicationSupportsIndirectInputEvents = YES;
				INFOPLIST_KEY_UILaunchStoryboardName = "";
				INFOPLIST_KEY_UISupportedInterfaceOrientations_iPad = "UIInterfaceOrientationPortrait UIInterfaceOrientationPortraitUpsideDown UIInterfaceOrientationLandscapeLeft UIInterfaceOrientationLandscapeRight";
				INFOPLIST_KEY_UISupportedInterfaceOrientations_iPhone = "UIInterfaceOrientationPortrait UIInterfaceOrientationLandscapeLeft UIInterfaceOrientationLandscapeRight";
				LD_RUNPATH_SEARCH_PATHS = (
					"$(inherited)",
					"@executable_path/Frameworks",
				);
				MARKETING_VERSION = 1.0;
				PRODUCT_BUNDLE_IDENTIFIER = "com.nimuseel.whiskey-note";
				PRODUCT_NAME = "$(TARGET_NAME)";
				SWIFT_EMIT_LOC_STRINGS = YES;
				SWIFT_VERSION = 5.0;
				TARGETED_DEVICE_FAMILY = "1,2";
			};
			name = Release;
		};
		742E36612D59D4B0001B11E1 /* Debug */ = {
			isa = XCBuildConfiguration;
			buildSettings = {
				BUNDLE_LOADER = "$(TEST_HOST)";
				CODE_SIGN_STYLE = Automatic;
				CURRENT_PROJECT_VERSION = 1;
				DEVELOPMENT_TEAM = Q57XL3X3S5;
				GENERATE_INFOPLIST_FILE = YES;
				IPHONEOS_DEPLOYMENT_TARGET = 18.2;
				MARKETING_VERSION = 1.0;
				PRODUCT_BUNDLE_IDENTIFIER = "com.nimuseel.whiskey-noteTests";
				PRODUCT_NAME = "$(TARGET_NAME)";
				SWIFT_EMIT_LOC_STRINGS = NO;
				SWIFT_VERSION = 5.0;
				TARGETED_DEVICE_FAMILY = "1,2";
				TEST_HOST = "$(BUILT_PRODUCTS_DIR)/whiskey-note.app/$(BUNDLE_EXECUTABLE_FOLDER_PATH)/whiskey-note";
			};
			name = Debug;
		};
		742E36622D59D4B0001B11E1 /* Release */ = {
			isa = XCBuildConfiguration;
			buildSettings = {
				BUNDLE_LOADER = "$(TEST_HOST)";
				CODE_SIGN_STYLE = Automatic;
				CURRENT_PROJECT_VERSION = 1;
				DEVELOPMENT_TEAM = Q57XL3X3S5;
				GENERATE_INFOPLIST_FILE = YES;
				IPHONEOS_DEPLOYMENT_TARGET = 18.2;
				MARKETING_VERSION = 1.0;
				PRODUCT_BUNDLE_IDENTIFIER = "com.nimuseel.whiskey-noteTests";
				PRODUCT_NAME = "$(TARGET_NAME)";
				SWIFT_EMIT_LOC_STRINGS = NO;
				SWIFT_VERSION = 5.0;
				TARGETED_DEVICE_FAMILY = "1,2";
				TEST_HOST = "$(BUILT_PRODUCTS_DIR)/whiskey-note.app/$(BUNDLE_EXECUTABLE_FOLDER_PATH)/whiskey-note";
			};
			name = Release;
		};
		742E36642D59D4B0001B11E1 /* Debug */ = {
			isa = XCBuildConfiguration;
			buildSettings = {
				CODE_SIGN_STYLE = Automatic;
				CURRENT_PROJECT_VERSION = 1;
				DEVELOPMENT_TEAM = Q57XL3X3S5;
				GENERATE_INFOPLIST_FILE = YES;
				MARKETING_VERSION = 1.0;
				PRODUCT_BUNDLE_IDENTIFIER = "com.nimuseel.whiskey-noteUITests";
				PRODUCT_NAME = "$(TARGET_NAME)";
				SWIFT_EMIT_LOC_STRINGS = NO;
				SWIFT_VERSION = 5.0;
				TARGETED_DEVICE_FAMILY = "1,2";
				TEST_TARGET_NAME = "whiskey note";
			};
			name = Debug;
		};
		742E36652D59D4B0001B11E1 /* Release */ = {
			isa = XCBuildConfiguration;
			buildSettings = {
				CODE_SIGN_STYLE = Automatic;
				CURRENT_PROJECT_VERSION = 1;
				DEVELOPMENT_TEAM = Q57XL3X3S5;
				GENERATE_INFOPLIST_FILE = YES;
				MARKETING_VERSION = 1.0;
				PRODUCT_BUNDLE_IDENTIFIER = "com.nimuseel.whiskey-noteUITests";
				PRODUCT_NAME = "$(TARGET_NAME)";
				SWIFT_EMIT_LOC_STRINGS = NO;
				SWIFT_VERSION = 5.0;
				TARGETED_DEVICE_FAMILY = "1,2";
				TEST_TARGET_NAME = "whiskey note";
			};
			name = Release;
		};
/* End XCBuildConfiguration section */

/* Begin XCConfigurationList section */
		742E36322D59D4AE001B11E1 /* Build configuration list for PBXProject "whiskey-note" */ = {
			isa = XCConfigurationList;
			buildConfigurations = (
				742E365B2D59D4B0001B11E1 /* Debug */,
				742E365C2D59D4B0001B11E1 /* Release */,
			);
			defaultConfigurationIsVisible = 0;
			defaultConfigurationName = Release;
		};
		742E365D2D59D4B0001B11E1 /* Build configuration list for PBXNativeTarget "whiskey-note" */ = {
			isa = XCConfigurationList;
			buildConfigurations = (
				742E365E2D59D4B0001B11E1 /* Debug */,
				742E365F2D59D4B0001B11E1 /* Release */,
			);
			defaultConfigurationIsVisible = 0;
			defaultConfigurationName = Release;
		};
		742E36602D59D4B0001B11E1 /* Build configuration list for PBXNativeTarget "whiskey-noteTests" */ = {
			isa = XCConfigurationList;
			buildConfigurations = (
				742E36612D59D4B0001B11E1 /* Debug */,
				742E36622D59D4B0001B11E1 /* Release */,
			);
			defaultConfigurationIsVisible = 0;
			defaultConfigurationName = Release;
		};
		742E36632D59D4B0001B11E1 /* Build configuration list for PBXNativeTarget "whiskey-noteUITests" */ = {
			isa = XCConfigurationList;
			buildConfigurations = (
				742E36642D59D4B0001B11E1 /* Debug */,
				742E36652D59D4B0001B11E1 /* Release */,
			);
			defaultConfigurationIsVisible = 0;
			defaultConfigurationName = Release;
		};
/* End XCConfigurationList section */
	};
	rootObject = 742E362F2D59D4AE001B11E1 /* Project object */;
}
